
Microsoft Visual Studio Solution File, Format Version 12.00
# Visual Studio Version 17
VisualStudioVersion = 17.9.34622.214
MinimumVisualStudioVersion = 10.0.40219.1
Project("{9A19103F-16F7-4668-BE54-9A1E7A4F7556}") = "2. Add Two Numbers", "2. Add Two Numbers\2. Add Two Numbers.csproj", "{CFE3E5F1-3DD4-4AC2-B000-B25B081F9F0A}"
EndProject
Project("{9A19103F-16F7-4668-BE54-9A1E7A4F7556}") = "AddTwoNumbersTest", "AddTwoNumbersTest\AddTwoNumbersTest.csproj", "{7665674C-755B-4A0B-A7E3-FA5BF7A3512F}"
EndProject
Project("{FAE04EC0-301F-11D3-BF4B-00C04F79EFBC}") = "LeetCodeLibrary", "LeetCodeLibrary\LeetCodeLibrary.csproj", "{EFC007BD-DB8B-4E75-BE4A-7AED21B741F7}"
EndProject
Global
	GlobalSection(SolutionConfigurationPlatforms) = preSolution
		Debug|Any CPU = Debug|Any CPU
		Release|Any CPU = Release|Any CPU
	EndGlobalSection
	GlobalSection(ProjectConfigurationPlatforms) = postSolution
		{CFE3E5F1-3DD4-4AC2-B000-B25B081F9F0A}.Debug|Any CPU.ActiveCfg = Debug|Any CPU
		{CFE3E5F1-3DD4-4AC2-B000-B25B081F9F0A}.Debug|Any CPU.Build.0 = Debug|Any CPU
		{CFE3E5F1-3DD4-4AC2-B000-B25B081F9F0A}.Release|Any CPU.ActiveCfg = Release|Any CPU
		{CFE3E5F1-3DD4-4AC2-B000-B25B081F9F0A}.Release|Any CPU.Build.0 = Release|Any CPU
		{7665674C-755B-4A0B-A7E3-FA5BF7A3512F}.Debug|Any CPU.ActiveCfg = Debug|Any CPU
		{7665674C-755B-4A0B-A7E3-FA5BF7A3512F}.Debug|Any CPU.Build.0 = Debug|Any CPU
		{7665674C-755B-4A0B-A7E3-FA5BF7A3512F}.Release|Any CPU.ActiveCfg = Release|Any CPU
		{7665674C-755B-4A0B-A7E3-FA5BF7A3512F}.Release|Any CPU.Build.0 = Release|Any CPU
		{EFC007BD-DB8B-4E75-BE4A-7AED21B741F7}.Debug|Any CPU.ActiveCfg = Debug|Any CPU
		{EFC007BD-DB8B-4E75-BE4A-7AED21B741F7}.Debug|Any CPU.Build.0 = Debug|Any CPU
		{EFC007BD-DB8B-4E75-BE4A-7AED21B741F7}.Release|Any CPU.ActiveCfg = Release|Any CPU
		{EFC007BD-DB8B-4E75-BE4A-7AED21B741F7}.Release|Any CPU.Build.0 = Release|Any CPU
	EndGlobalSection
	GlobalSection(SolutionProperties) = preSolution
		HideSolutionNode = FALSE
	EndGlobalSection
	GlobalSection(ExtensibilityGlobals) = postSolution
		SolutionGuid = {ECD337E1-37E2-422A-B96A-1764C91C95B7}
	EndGlobalSection
EndGlobal
